
Microsoft Visual Studio Solution File, Format Version 12.00
# Visual Studio 15
VisualStudioVersion = 15.0.27130.2036
MinimumVisualStudioVersion = 10.0.40219.1
Project("{8BC9CEB8-8B4A-11D0-8D11-00A0C91BC942}") = "example_socket_server", "example_socket_server\example_socket_server.vcxproj", "{47742549-B01A-4667-8EF8-17052711B97E}"
EndProject
Project("{8BC9CEB8-8B4A-11D0-8D11-00A0C91BC942}") = "example_socket_client", "example_socket_client\example_socket_client.vcxproj", "{8A4D7949-83A1-4667-AB7B-E73E51BBD514}"
EndProject
Project("{8BC9CEB8-8B4A-11D0-8D11-00A0C91BC942}") = "example_udp_socket_server", "example_udp_socket_server\example_udp_socket_server.vcxproj", "{E8935C43-76FD-4BC2-856C-4563FFFF7C39}"
EndProject
Project("{8BC9CEB8-8B4A-11D0-8D11-00A0C91BC942}") = "example_multithread_tcpSocket_server", "example_multithread_tcpSocket_server\example_multithread_tcpSocket_server.vcxproj", "{02A79D1B-3C9C-4496-B9BB-29A277C059D9}"
EndProject
Project("{8BC9CEB8-8B4A-11D0-8D11-00A0C91BC942}") = "example_multiIO_tcpSocket_server", "example_multiIO_tcpSocket_server\example_multiIO_tcpSocket_server.vcxproj", "{41AC8F63-E6BE-41CA-851E-E47FFF81AC78}"
EndProject
Project("{8BC9CEB8-8B4A-11D0-8D11-00A0C91BC942}") = "example_event_select_tcpSocket_server", "example_event_select_tcpSocket_server\example_event_select_tcpSocket_server.vcxproj", "{D983D3FE-0EC4-4881-B77F-1B64248769A5}"
EndProject
Project("{8BC9CEB8-8B4A-11D0-8D11-00A0C91BC942}") = "example_asyncEvent_tcpSocket_server_windowApp", "example_asyncEvent_tcpSocket_server_windowApp\example_asyncEvent_tcpSocket_server_windowApp.vcxproj", "{58DB55F3-ABD0-47FD-B67A-67BE20D055C8}"
EndProject
Project("{8BC9CEB8-8B4A-11D0-8D11-00A0C91BC942}") = "example_overlapped_event_tcpSocket_server", "example_overlapped_event_tcpSocket_server\example_overlapped_event_tcpSocket_server.vcxproj", "{A7500376-5765-4E65-9D50-311D7416DF5A}"
EndProject
Project("{8BC9CEB8-8B4A-11D0-8D11-00A0C91BC942}") = "example_rawSocket", "example_rawSocket\example_rawSocket.vcxproj", "{C1BDF7FE-7304-4939-B530-049FB1021E57}"
EndProject
Project("{8BC9CEB8-8B4A-11D0-8D11-00A0C91BC942}") = "example_iocp_tcpSocket_server", "example_iocp_tcpSocket_server\example_iocp_tcpSocket_server.vcxproj", "{5FF2ED4E-B4B2-4579-BF3F-B4A611E26711}"
EndProject
Project("{8BC9CEB8-8B4A-11D0-8D11-00A0C91BC942}") = "KojeomlibThreadPool", "KojeomlibThreadPool\KojeomlibThreadPool.vcxproj", "{A40D20EF-EEB6-49EC-B443-43F8FCE27F2F}"
EndProject
Project("{8BC9CEB8-8B4A-11D0-8D11-00A0C91BC942}") = "KojeomlibKoLogger", "KojeomlibKoLogger\KojeomlibKoLogger.vcxproj", "{85DB8103-9F4D-4B55-AF88-49CB0F0D0CEF}"
EndProject
Project("{8BC9CEB8-8B4A-11D0-8D11-00A0C91BC942}") = "KojeomlibMemoryPool", "KojeomlibMemoryPool\KojeomlibMemoryPool.vcxproj", "{2171C312-F168-458F-AFB0-DEE956D1DFEC}"
EndProject
Project("{8BC9CEB8-8B4A-11D0-8D11-00A0C91BC942}") = "LibraryTestProject", "LibraryTestProject\LibraryTestProject.vcxproj", "{A0AF914A-AB18-459A-93C5-F061A05E3FEF}"
EndProject
Global
	GlobalSection(SolutionConfigurationPlatforms) = preSolution
		Debug|x64 = Debug|x64
		Debug|x86 = Debug|x86
		Release|x64 = Release|x64
		Release|x86 = Release|x86
	EndGlobalSection
	GlobalSection(ProjectConfigurationPlatforms) = postSolution
		{47742549-B01A-4667-8EF8-17052711B97E}.Debug|x64.ActiveCfg = Debug|x64
		{47742549-B01A-4667-8EF8-17052711B97E}.Debug|x64.Build.0 = Debug|x64
		{47742549-B01A-4667-8EF8-17052711B97E}.Debug|x86.ActiveCfg = Debug|Win32
		{47742549-B01A-4667-8EF8-17052711B97E}.Debug|x86.Build.0 = Debug|Win32
		{47742549-B01A-4667-8EF8-17052711B97E}.Release|x64.ActiveCfg = Release|x64
		{47742549-B01A-4667-8EF8-17052711B97E}.Release|x64.Build.0 = Release|x64
		{47742549-B01A-4667-8EF8-17052711B97E}.Release|x86.ActiveCfg = Release|Win32
		{47742549-B01A-4667-8EF8-17052711B97E}.Release|x86.Build.0 = Release|Win32
		{8A4D7949-83A1-4667-AB7B-E73E51BBD514}.Debug|x64.ActiveCfg = Debug|x64
		{8A4D7949-83A1-4667-AB7B-E73E51BBD514}.Debug|x64.Build.0 = Debug|x64
		{8A4D7949-83A1-4667-AB7B-E73E51BBD514}.Debug|x86.ActiveCfg = Debug|Win32
		{8A4D7949-83A1-4667-AB7B-E73E51BBD514}.Debug|x86.Build.0 = Debug|Win32
		{8A4D7949-83A1-4667-AB7B-E73E51BBD514}.Release|x64.ActiveCfg = Release|x64
		{8A4D7949-83A1-4667-AB7B-E73E51BBD514}.Release|x64.Build.0 = Release|x64
		{8A4D7949-83A1-4667-AB7B-E73E51BBD514}.Release|x86.ActiveCfg = Release|Win32
		{8A4D7949-83A1-4667-AB7B-E73E51BBD514}.Release|x86.Build.0 = Release|Win32
		{E8935C43-76FD-4BC2-856C-4563FFFF7C39}.Debug|x64.ActiveCfg = Debug|x64
		{E8935C43-76FD-4BC2-856C-4563FFFF7C39}.Debug|x64.Build.0 = Debug|x64
		{E8935C43-76FD-4BC2-856C-4563FFFF7C39}.Debug|x86.ActiveCfg = Debug|Win32
		{E8935C43-76FD-4BC2-856C-4563FFFF7C39}.Debug|x86.Build.0 = Debug|Win32
		{E8935C43-76FD-4BC2-856C-4563FFFF7C39}.Release|x64.ActiveCfg = Release|x64
		{E8935C43-76FD-4BC2-856C-4563FFFF7C39}.Release|x64.Build.0 = Release|x64
		{E8935C43-76FD-4BC2-856C-4563FFFF7C39}.Release|x86.ActiveCfg = Release|Win32
		{E8935C43-76FD-4BC2-856C-4563FFFF7C39}.Release|x86.Build.0 = Release|Win32
		{02A79D1B-3C9C-4496-B9BB-29A277C059D9}.Debug|x64.ActiveCfg = Debug|x64
		{02A79D1B-3C9C-4496-B9BB-29A277C059D9}.Debug|x64.Build.0 = Debug|x64
		{02A79D1B-3C9C-4496-B9BB-29A277C059D9}.Debug|x86.ActiveCfg = Debug|Win32
		{02A79D1B-3C9C-4496-B9BB-29A277C059D9}.Debug|x86.Build.0 = Debug|Win32
		{02A79D1B-3C9C-4496-B9BB-29A277C059D9}.Release|x64.ActiveCfg = Release|x64
		{02A79D1B-3C9C-4496-B9BB-29A277C059D9}.Release|x64.Build.0 = Release|x64
		{02A79D1B-3C9C-4496-B9BB-29A277C059D9}.Release|x86.ActiveCfg = Release|Win32
		{02A79D1B-3C9C-4496-B9BB-29A277C059D9}.Release|x86.Build.0 = Release|Win32
		{41AC8F63-E6BE-41CA-851E-E47FFF81AC78}.Debug|x64.ActiveCfg = Debug|x64
		{41AC8F63-E6BE-41CA-851E-E47FFF81AC78}.Debug|x64.Build.0 = Debug|x64
		{41AC8F63-E6BE-41CA-851E-E47FFF81AC78}.Debug|x86.ActiveCfg = Debug|Win32
		{41AC8F63-E6BE-41CA-851E-E47FFF81AC78}.Debug|x86.Build.0 = Debug|Win32
		{41AC8F63-E6BE-41CA-851E-E47FFF81AC78}.Release|x64.ActiveCfg = Release|x64
		{41AC8F63-E6BE-41CA-851E-E47FFF81AC78}.Release|x64.Build.0 = Release|x64
		{41AC8F63-E6BE-41CA-851E-E47FFF81AC78}.Release|x86.ActiveCfg = Release|Win32
		{41AC8F63-E6BE-41CA-851E-E47FFF81AC78}.Release|x86.Build.0 = Release|Win32
		{D983D3FE-0EC4-4881-B77F-1B64248769A5}.Debug|x64.ActiveCfg = Debug|x64
		{D983D3FE-0EC4-4881-B77F-1B64248769A5}.Debug|x64.Build.0 = Debug|x64
		{D983D3FE-0EC4-4881-B77F-1B64248769A5}.Debug|x86.ActiveCfg = Debug|Win32
		{D983D3FE-0EC4-4881-B77F-1B64248769A5}.Debug|x86.Build.0 = Debug|Win32
		{D983D3FE-0EC4-4881-B77F-1B64248769A5}.Release|x64.ActiveCfg = Release|x64
		{D983D3FE-0EC4-4881-B77F-1B64248769A5}.Release|x64.Build.0 = Release|x64
		{D983D3FE-0EC4-4881-B77F-1B64248769A5}.Release|x86.ActiveCfg = Release|Win32
		{D983D3FE-0EC4-4881-B77F-1B64248769A5}.Release|x86.Build.0 = Release|Win32
		{58DB55F3-ABD0-47FD-B67A-67BE20D055C8}.Debug|x64.ActiveCfg = Debug|x64
		{58DB55F3-ABD0-47FD-B67A-67BE20D055C8}.Debug|x64.Build.0 = Debug|x64
		{58DB55F3-ABD0-47FD-B67A-67BE20D055C8}.Debug|x86.ActiveCfg = Debug|Win32
		{58DB55F3-ABD0-47FD-B67A-67BE20D055C8}.Debug|x86.Build.0 = Debug|Win32
		{58DB55F3-ABD0-47FD-B67A-67BE20D055C8}.Release|x64.ActiveCfg = Release|x64
		{58DB55F3-ABD0-47FD-B67A-67BE20D055C8}.Release|x64.Build.0 = Release|x64
		{58DB55F3-ABD0-47FD-B67A-67BE20D055C8}.Release|x86.ActiveCfg = Release|Win32
		{58DB55F3-ABD0-47FD-B67A-67BE20D055C8}.Release|x86.Build.0 = Release|Win32
		{A7500376-5765-4E65-9D50-311D7416DF5A}.Debug|x64.ActiveCfg = Debug|x64
		{A7500376-5765-4E65-9D50-311D7416DF5A}.Debug|x64.Build.0 = Debug|x64
		{A7500376-5765-4E65-9D50-311D7416DF5A}.Debug|x86.ActiveCfg = Debug|Win32
		{A7500376-5765-4E65-9D50-311D7416DF5A}.Debug|x86.Build.0 = Debug|Win32
		{A7500376-5765-4E65-9D50-311D7416DF5A}.Release|x64.ActiveCfg = Release|x64
		{A7500376-5765-4E65-9D50-311D7416DF5A}.Release|x64.Build.0 = Release|x64
		{A7500376-5765-4E65-9D50-311D7416DF5A}.Release|x86.ActiveCfg = Release|Win32
		{A7500376-5765-4E65-9D50-311D7416DF5A}.Release|x86.Build.0 = Release|Win32
		{C1BDF7FE-7304-4939-B530-049FB1021E57}.Debug|x64.ActiveCfg = Debug|x64
		{C1BDF7FE-7304-4939-B530-049FB1021E57}.Debug|x64.Build.0 = Debug|x64
		{C1BDF7FE-7304-4939-B530-049FB1021E57}.Debug|x86.ActiveCfg = Debug|Win32
		{C1BDF7FE-7304-4939-B530-049FB1021E57}.Debug|x86.Build.0 = Debug|Win32
		{C1BDF7FE-7304-4939-B530-049FB1021E57}.Release|x64.ActiveCfg = Release|x64
		{C1BDF7FE-7304-4939-B530-049FB1021E57}.Release|x64.Build.0 = Release|x64
		{C1BDF7FE-7304-4939-B530-049FB1021E57}.Release|x86.ActiveCfg = Release|Win32
		{C1BDF7FE-7304-4939-B530-049FB1021E57}.Release|x86.Build.0 = Release|Win32
		{5FF2ED4E-B4B2-4579-BF3F-B4A611E26711}.Debug|x64.ActiveCfg = Debug|x64
		{5FF2ED4E-B4B2-4579-BF3F-B4A611E26711}.Debug|x64.Build.0 = Debug|x64
		{5FF2ED4E-B4B2-4579-BF3F-B4A611E26711}.Debug|x86.ActiveCfg = Debug|Win32
		{5FF2ED4E-B4B2-4579-BF3F-B4A611E26711}.Debug|x86.Build.0 = Debug|Win32
		{5FF2ED4E-B4B2-4579-BF3F-B4A611E26711}.Release|x64.ActiveCfg = Release|x64
		{5FF2ED4E-B4B2-4579-BF3F-B4A611E26711}.Release|x64.Build.0 = Release|x64
		{5FF2ED4E-B4B2-4579-BF3F-B4A611E26711}.Release|x86.ActiveCfg = Release|Win32
		{5FF2ED4E-B4B2-4579-BF3F-B4A611E26711}.Release|x86.Build.0 = Release|Win32
		{A40D20EF-EEB6-49EC-B443-43F8FCE27F2F}.Debug|x64.ActiveCfg = Debug|x64
		{A40D20EF-EEB6-49EC-B443-43F8FCE27F2F}.Debug|x64.Build.0 = Debug|x64
		{A40D20EF-EEB6-49EC-B443-43F8FCE27F2F}.Debug|x86.ActiveCfg = Debug|Win32
		{A40D20EF-EEB6-49EC-B443-43F8FCE27F2F}.Debug|x86.Build.0 = Debug|Win32
		{A40D20EF-EEB6-49EC-B443-43F8FCE27F2F}.Release|x64.ActiveCfg = Release|x64
		{A40D20EF-EEB6-49EC-B443-43F8FCE27F2F}.Release|x64.Build.0 = Release|x64
		{A40D20EF-EEB6-49EC-B443-43F8FCE27F2F}.Release|x86.ActiveCfg = Release|Win32
		{A40D20EF-EEB6-49EC-B443-43F8FCE27F2F}.Release|x86.Build.0 = Release|Win32
		{85DB8103-9F4D-4B55-AF88-49CB0F0D0CEF}.Debug|x64.ActiveCfg = Debug|x64
		{85DB8103-9F4D-4B55-AF88-49CB0F0D0CEF}.Debug|x64.Build.0 = Debug|x64
		{85DB8103-9F4D-4B55-AF88-49CB0F0D0CEF}.Debug|x86.ActiveCfg = Debug|Win32
		{85DB8103-9F4D-4B55-AF88-49CB0F0D0CEF}.Debug|x86.Build.0 = Debug|Win32
		{85DB8103-9F4D-4B55-AF88-49CB0F0D0CEF}.Release|x64.ActiveCfg = Release|x64
		{85DB8103-9F4D-4B55-AF88-49CB0F0D0CEF}.Release|x64.Build.0 = Release|x64
		{85DB8103-9F4D-4B55-AF88-49CB0F0D0CEF}.Release|x86.ActiveCfg = Release|Win32
		{85DB8103-9F4D-4B55-AF88-49CB0F0D0CEF}.Release|x86.Build.0 = Release|Win32
		{2171C312-F168-458F-AFB0-DEE956D1DFEC}.Debug|x64.ActiveCfg = Debug|x64
		{2171C312-F168-458F-AFB0-DEE956D1DFEC}.Debug|x64.Build.0 = Debug|x64
		{2171C312-F168-458F-AFB0-DEE956D1DFEC}.Debug|x86.ActiveCfg = Debug|Win32
		{2171C312-F168-458F-AFB0-DEE956D1DFEC}.Debug|x86.Build.0 = Debug|Win32
		{2171C312-F168-458F-AFB0-DEE956D1DFEC}.Release|x64.ActiveCfg = Release|x64
		{2171C312-F168-458F-AFB0-DEE956D1DFEC}.Release|x64.Build.0 = Release|x64
		{2171C312-F168-458F-AFB0-DEE956D1DFEC}.Release|x86.ActiveCfg = Release|Win32
		{2171C312-F168-458F-AFB0-DEE956D1DFEC}.Release|x86.Build.0 = Release|Win32
		{A0AF914A-AB18-459A-93C5-F061A05E3FEF}.Debug|x64.ActiveCfg = Debug|x64
		{A0AF914A-AB18-459A-93C5-F061A05E3FEF}.Debug|x64.Build.0 = Debug|x64
		{A0AF914A-AB18-459A-93C5-F061A05E3FEF}.Debug|x86.ActiveCfg = Debug|Win32
		{A0AF914A-AB18-459A-93C5-F061A05E3FEF}.Debug|x86.Build.0 = Debug|Win32
		{A0AF914A-AB18-459A-93C5-F061A05E3FEF}.Release|x64.ActiveCfg = Release|x64
		{A0AF914A-AB18-459A-93C5-F061A05E3FEF}.Release|x64.Build.0 = Release|x64
		{A0AF914A-AB18-459A-93C5-F061A05E3FEF}.Release|x86.ActiveCfg = Release|Win32
		{A0AF914A-AB18-459A-93C5-F061A05E3FEF}.Release|x86.Build.0 = Release|Win32
	EndGlobalSection
	GlobalSection(SolutionProperties) = preSolution
		HideSolutionNode = FALSE
	EndGlobalSection
	GlobalSection(ExtensibilityGlobals) = postSolution
		SolutionGuid = {6B79504A-4E42-4F11-B318-57FB9FB04C58}
	EndGlobalSection
EndGlobal
